# This file is autogenerated, do not edit; changes may be undone by the next 'dep ensure'.


[[projects]]
  name = "github.com/go-yaml/yaml"
  packages = ["."]
  revision = "5420a8b6744d3b0345ab293f6fcba19c978f1183"
  version = "v2.2.1"

[solve-meta]
  analyzer-name = "dep"
  analyzer-version = 1
  inputs-digest = "6db5e6d1566d7be82c3ac777a8312721d075726da232f002f9f3e96193c81f6c"
  solver-name = "gps-cdcl"
  solver-version = 1
